
Microsoft Visual Studio Solution File, Format Version 12.00
Project("{FAE04EC0-301F-11D3-BF4B-00C04F79EFBC}") = "Lab_8_Calendar", "Lab_8_Calendar\Lab_8_Calendar.csproj", "{B7766F1B-AC70-4AB3-A7F0-8D2FA75E26EC}"
EndProject
Project("{FAE04EC0-301F-11D3-BF4B-00C04F79EFBC}") = "Lab_8_Calculator", "Lab_8_Calculator\Lab_8_Calculator.csproj", "{34BD4AE2-5A69-489A-B5F8-D3FB3BBD2BFB}"
EndProject
Global
	GlobalSection(SolutionConfigurationPlatforms) = preSolution
		Debug|Any CPU = Debug|Any CPU
		Release|Any CPU = Release|Any CPU
	EndGlobalSection
	GlobalSection(ProjectConfigurationPlatforms) = postSolution
		{B7766F1B-AC70-4AB3-A7F0-8D2FA75E26EC}.Debug|Any CPU.ActiveCfg = Debug|Any CPU
		{B7766F1B-AC70-4AB3-A7F0-8D2FA75E26EC}.Debug|Any CPU.Build.0 = Debug|Any CPU
		{B7766F1B-AC70-4AB3-A7F0-8D2FA75E26EC}.Release|Any CPU.ActiveCfg = Release|Any CPU
		{B7766F1B-AC70-4AB3-A7F0-8D2FA75E26EC}.Release|Any CPU.Build.0 = Release|Any CPU
		{34BD4AE2-5A69-489A-B5F8-D3FB3BBD2BFB}.Debug|Any CPU.ActiveCfg = Debug|Any CPU
		{34BD4AE2-5A69-489A-B5F8-D3FB3BBD2BFB}.Debug|Any CPU.Build.0 = Debug|Any CPU
		{34BD4AE2-5A69-489A-B5F8-D3FB3BBD2BFB}.Release|Any CPU.ActiveCfg = Release|Any CPU
		{34BD4AE2-5A69-489A-B5F8-D3FB3BBD2BFB}.Release|Any CPU.Build.0 = Release|Any CPU
	EndGlobalSection
EndGlobal
